
Microsoft Visual Studio Solution File, Format Version 12.00
# Visual Studio Version 17
VisualStudioVersion = 17.5.33530.505
MinimumVisualStudioVersion = 10.0.40219.1
Project("{FAE04EC0-301F-11D3-BF4B-00C04F79EFBC}") = "OSCFly", "OSCFly.csproj", "{5740DE94-CE77-4325-AA90-CFFB69C097A1}"
EndProject
Global
	GlobalSection(SolutionConfigurationPlatforms) = preSolution
		Debug|Any CPU = Debug|Any CPU
		Release|Any CPU = Release|Any CPU
	EndGlobalSection
	GlobalSection(ProjectConfigurationPlatforms) = postSolution
		{5740DE94-CE77-4325-AA90-CFFB69C097A1}.Debug|Any CPU.ActiveCfg = Debug|Any CPU
		{5740DE94-CE77-4325-AA90-CFFB69C097A1}.Debug|Any CPU.Build.0 = Debug|Any CPU
		{5740DE94-CE77-4325-AA90-CFFB69C097A1}.Release|Any CPU.ActiveCfg = Release|Any CPU
		{5740DE94-CE77-4325-AA90-CFFB69C097A1}.Release|Any CPU.Build.0 = Release|Any CPU
	EndGlobalSection
	GlobalSection(SolutionProperties) = preSolution
		HideSolutionNode = FALSE
	EndGlobalSection
	GlobalSection(ExtensibilityGlobals) = postSolution
		SolutionGuid = {CD7D3CED-93F7-484E-8C74-1740820997D3}
	EndGlobalSection
EndGlobal
